
Microsoft Visual Studio Solution File, Format Version 12.00
# Visual Studio Version 16
VisualStudioVersion = 16.0.31515.178
MinimumVisualStudioVersion = 10.0.40219.1
Project("{FAE04EC0-301F-11D3-BF4B-00C04F79EFBC}") = "calculadora", "calculadora\calculadora.csproj", "{01597EBE-2E10-443D-BA5A-9B9BEB465EA6}"
EndProject
Global
	GlobalSection(SolutionConfigurationPlatforms) = preSolution
		Debug|Any CPU = Debug|Any CPU
		Release|Any CPU = Release|Any CPU
	EndGlobalSection
	GlobalSection(ProjectConfigurationPlatforms) = postSolution
		{01597EBE-2E10-443D-BA5A-9B9BEB465EA6}.Debug|Any CPU.ActiveCfg = Debug|Any CPU
		{01597EBE-2E10-443D-BA5A-9B9BEB465EA6}.Debug|Any CPU.Build.0 = Debug|Any CPU
		{01597EBE-2E10-443D-BA5A-9B9BEB465EA6}.Release|Any CPU.ActiveCfg = Release|Any CPU
		{01597EBE-2E10-443D-BA5A-9B9BEB465EA6}.Release|Any CPU.Build.0 = Release|Any CPU
	EndGlobalSection
	GlobalSection(SolutionProperties) = preSolution
		HideSolutionNode = FALSE
	EndGlobalSection
	GlobalSection(ExtensibilityGlobals) = postSolution
		SolutionGuid = {C843BA23-42A5-40EA-BFEB-CBEDEFFDB894}
	EndGlobalSection
EndGlobal
